
Microsoft Visual Studio Solution File, Format Version 12.00
# Visual Studio Version 17
VisualStudioVersion = 17.0.32112.339
MinimumVisualStudioVersion = 10.0.40219.1
Project("{FAE04EC0-301F-11D3-BF4B-00C04F79EFBC}") = "projeto-teste", "projeto-teste\projeto-teste.csproj", "{CA4DDAB1-833B-4466-8AD7-C16FB9EF53A6}"
EndProject
Global
	GlobalSection(SolutionConfigurationPlatforms) = preSolution
		Debug|Any CPU = Debug|Any CPU
		Release|Any CPU = Release|Any CPU
	EndGlobalSection
	GlobalSection(ProjectConfigurationPlatforms) = postSolution
		{CA4DDAB1-833B-4466-8AD7-C16FB9EF53A6}.Debug|Any CPU.ActiveCfg = Debug|Any CPU
		{CA4DDAB1-833B-4466-8AD7-C16FB9EF53A6}.Debug|Any CPU.Build.0 = Debug|Any CPU
		{CA4DDAB1-833B-4466-8AD7-C16FB9EF53A6}.Release|Any CPU.ActiveCfg = Release|Any CPU
		{CA4DDAB1-833B-4466-8AD7-C16FB9EF53A6}.Release|Any CPU.Build.0 = Release|Any CPU
	EndGlobalSection
	GlobalSection(SolutionProperties) = preSolution
		HideSolutionNode = FALSE
	EndGlobalSection
	GlobalSection(ExtensibilityGlobals) = postSolution
		SolutionGuid = {F81FDE39-75E6-4676-A5B8-AC289B2F8D8B}
	EndGlobalSection
EndGlobal
